
Microsoft Visual Studio Solution File, Format Version 12.00
# Visual Studio Version 17
VisualStudioVersion = 17.12.35527.113
MinimumVisualStudioVersion = 10.0.40219.1
Project("{FAE04EC0-301F-11D3-BF4B-00C04F79EFBC}") = "RAG", "RAG\RAG.csproj", "{D874E7B3-FAEE-4334-939F-A34CAFB9D978}"
EndProject
Project("{2150E333-8FDC-42A3-9474-1A3956D46DE8}") = "Core", "Core", "{38EAFE47-95B8-4A74-9D63-6920C84CF319}"
EndProject
Project("{FAE04EC0-301F-11D3-BF4B-00C04F79EFBC}") = "Domain", "Domain\Domain.csproj", "{DA5A7167-1B8E-4BC6-BDC1-5F7A1142AF9F}"
EndProject
Project("{FAE04EC0-301F-11D3-BF4B-00C04F79EFBC}") = "Application", "Application\Application.csproj", "{C5ADDC33-8532-4D66-8B1C-6DE9CFFBEF46}"
EndProject
Project("{2150E333-8FDC-42A3-9474-1A3956D46DE8}") = "External", "External", "{A4025C2D-3148-4E66-9E8C-52914B631114}"
EndProject
Project("{FAE04EC0-301F-11D3-BF4B-00C04F79EFBC}") = "Persistance", "Persistance\Persistance.csproj", "{CB975A30-161A-4083-8327-55A5AF9B565B}"
EndProject
Global
	GlobalSection(SolutionConfigurationPlatforms) = preSolution
		Debug|Any CPU = Debug|Any CPU
		Release|Any CPU = Release|Any CPU
	EndGlobalSection
	GlobalSection(ProjectConfigurationPlatforms) = postSolution
		{D874E7B3-FAEE-4334-939F-A34CAFB9D978}.Debug|Any CPU.ActiveCfg = Debug|Any CPU
		{D874E7B3-FAEE-4334-939F-A34CAFB9D978}.Debug|Any CPU.Build.0 = Debug|Any CPU
		{D874E7B3-FAEE-4334-939F-A34CAFB9D978}.Release|Any CPU.ActiveCfg = Release|Any CPU
		{D874E7B3-FAEE-4334-939F-A34CAFB9D978}.Release|Any CPU.Build.0 = Release|Any CPU
		{DA5A7167-1B8E-4BC6-BDC1-5F7A1142AF9F}.Debug|Any CPU.ActiveCfg = Debug|Any CPU
		{DA5A7167-1B8E-4BC6-BDC1-5F7A1142AF9F}.Debug|Any CPU.Build.0 = Debug|Any CPU
		{DA5A7167-1B8E-4BC6-BDC1-5F7A1142AF9F}.Release|Any CPU.ActiveCfg = Release|Any CPU
		{DA5A7167-1B8E-4BC6-BDC1-5F7A1142AF9F}.Release|Any CPU.Build.0 = Release|Any CPU
		{C5ADDC33-8532-4D66-8B1C-6DE9CFFBEF46}.Debug|Any CPU.ActiveCfg = Debug|Any CPU
		{C5ADDC33-8532-4D66-8B1C-6DE9CFFBEF46}.Debug|Any CPU.Build.0 = Debug|Any CPU
		{C5ADDC33-8532-4D66-8B1C-6DE9CFFBEF46}.Release|Any CPU.ActiveCfg = Release|Any CPU
		{C5ADDC33-8532-4D66-8B1C-6DE9CFFBEF46}.Release|Any CPU.Build.0 = Release|Any CPU
		{CB975A30-161A-4083-8327-55A5AF9B565B}.Debug|Any CPU.ActiveCfg = Debug|Any CPU
		{CB975A30-161A-4083-8327-55A5AF9B565B}.Debug|Any CPU.Build.0 = Debug|Any CPU
		{CB975A30-161A-4083-8327-55A5AF9B565B}.Release|Any CPU.ActiveCfg = Release|Any CPU
		{CB975A30-161A-4083-8327-55A5AF9B565B}.Release|Any CPU.Build.0 = Release|Any CPU
	EndGlobalSection
	GlobalSection(SolutionProperties) = preSolution
		HideSolutionNode = FALSE
	EndGlobalSection
	GlobalSection(NestedProjects) = preSolution
		{D874E7B3-FAEE-4334-939F-A34CAFB9D978} = {A4025C2D-3148-4E66-9E8C-52914B631114}
		{DA5A7167-1B8E-4BC6-BDC1-5F7A1142AF9F} = {38EAFE47-95B8-4A74-9D63-6920C84CF319}
		{C5ADDC33-8532-4D66-8B1C-6DE9CFFBEF46} = {38EAFE47-95B8-4A74-9D63-6920C84CF319}
		{CB975A30-161A-4083-8327-55A5AF9B565B} = {A4025C2D-3148-4E66-9E8C-52914B631114}
	EndGlobalSection
EndGlobal
